
Microsoft Visual Studio Solution File, Format Version 12.00
# Visual Studio Version 17
VisualStudioVersion = 17.13.35828.75 d17.13
MinimumVisualStudioVersion = 10.0.40219.1
Project("{FAE04EC0-301F-11D3-BF4B-00C04F79EFBC}") = "ConsoleProgramPreps", "ConsoleProgramPreps\ConsoleProgramPreps.csproj", "{27F4C778-678D-4A90-9B08-5BD5747CD8E9}"
EndProject
Global
	GlobalSection(SolutionConfigurationPlatforms) = preSolution
		Debug|Any CPU = Debug|Any CPU
		Release|Any CPU = Release|Any CPU
	EndGlobalSection
	GlobalSection(ProjectConfigurationPlatforms) = postSolution
		{27F4C778-678D-4A90-9B08-5BD5747CD8E9}.Debug|Any CPU.ActiveCfg = Debug|Any CPU
		{27F4C778-678D-4A90-9B08-5BD5747CD8E9}.Debug|Any CPU.Build.0 = Debug|Any CPU
		{27F4C778-678D-4A90-9B08-5BD5747CD8E9}.Release|Any CPU.ActiveCfg = Release|Any CPU
		{27F4C778-678D-4A90-9B08-5BD5747CD8E9}.Release|Any CPU.Build.0 = Release|Any CPU
	EndGlobalSection
	GlobalSection(SolutionProperties) = preSolution
		HideSolutionNode = FALSE
	EndGlobalSection
	GlobalSection(ExtensibilityGlobals) = postSolution
		SolutionGuid = {29EE0A6B-AA50-4E21-9E6E-8B029A1D2237}
	EndGlobalSection
EndGlobal
